
Microsoft Visual Studio Solution File, Format Version 12.00
# Visual Studio 15
VisualStudioVersion = 15.0.28010.2026
MinimumVisualStudioVersion = 10.0.40219.1
Project("{FAE04EC0-301F-11D3-BF4B-00C04F79EFBC}") = "Ejer1", "Ejer1\Ejer1.csproj", "{2E2E2666-EE7D-4E14-BFC4-5E9923604819}"
EndProject
Project("{FAE04EC0-301F-11D3-BF4B-00C04F79EFBC}") = "Ejer2", "Ejer2\Ejer2.csproj", "{2944BC7D-76D9-4CAA-A7A1-CD2327BBC2E0}"
EndProject
Project("{FAE04EC0-301F-11D3-BF4B-00C04F79EFBC}") = "Ejer3", "Ejer3\Ejer3.csproj", "{B25D88AB-1C96-4E43-B08E-AE5FDB379BDB}"
EndProject
Project("{FAE04EC0-301F-11D3-BF4B-00C04F79EFBC}") = "Ejer4", "Ejer4\Ejer4.csproj", "{DCA340B9-A660-4F6F-A8ED-AAC29E8D86ED}"
EndProject
Project("{FAE04EC0-301F-11D3-BF4B-00C04F79EFBC}") = "Ejer5", "Ejer5\Ejer5.csproj", "{94281AFF-2E34-4A2C-870A-CC866A280709}"
EndProject
Global
	GlobalSection(SolutionConfigurationPlatforms) = preSolution
		Debug|Any CPU = Debug|Any CPU
		Release|Any CPU = Release|Any CPU
	EndGlobalSection
	GlobalSection(ProjectConfigurationPlatforms) = postSolution
		{2E2E2666-EE7D-4E14-BFC4-5E9923604819}.Debug|Any CPU.ActiveCfg = Debug|Any CPU
		{2E2E2666-EE7D-4E14-BFC4-5E9923604819}.Debug|Any CPU.Build.0 = Debug|Any CPU
		{2E2E2666-EE7D-4E14-BFC4-5E9923604819}.Release|Any CPU.ActiveCfg = Release|Any CPU
		{2E2E2666-EE7D-4E14-BFC4-5E9923604819}.Release|Any CPU.Build.0 = Release|Any CPU
		{2944BC7D-76D9-4CAA-A7A1-CD2327BBC2E0}.Debug|Any CPU.ActiveCfg = Debug|Any CPU
		{2944BC7D-76D9-4CAA-A7A1-CD2327BBC2E0}.Debug|Any CPU.Build.0 = Debug|Any CPU
		{2944BC7D-76D9-4CAA-A7A1-CD2327BBC2E0}.Release|Any CPU.ActiveCfg = Release|Any CPU
		{2944BC7D-76D9-4CAA-A7A1-CD2327BBC2E0}.Release|Any CPU.Build.0 = Release|Any CPU
		{B25D88AB-1C96-4E43-B08E-AE5FDB379BDB}.Debug|Any CPU.ActiveCfg = Debug|Any CPU
		{B25D88AB-1C96-4E43-B08E-AE5FDB379BDB}.Debug|Any CPU.Build.0 = Debug|Any CPU
		{B25D88AB-1C96-4E43-B08E-AE5FDB379BDB}.Release|Any CPU.ActiveCfg = Release|Any CPU
		{B25D88AB-1C96-4E43-B08E-AE5FDB379BDB}.Release|Any CPU.Build.0 = Release|Any CPU
		{DCA340B9-A660-4F6F-A8ED-AAC29E8D86ED}.Debug|Any CPU.ActiveCfg = Debug|Any CPU
		{DCA340B9-A660-4F6F-A8ED-AAC29E8D86ED}.Debug|Any CPU.Build.0 = Debug|Any CPU
		{DCA340B9-A660-4F6F-A8ED-AAC29E8D86ED}.Release|Any CPU.ActiveCfg = Release|Any CPU
		{DCA340B9-A660-4F6F-A8ED-AAC29E8D86ED}.Release|Any CPU.Build.0 = Release|Any CPU
		{94281AFF-2E34-4A2C-870A-CC866A280709}.Debug|Any CPU.ActiveCfg = Debug|Any CPU
		{94281AFF-2E34-4A2C-870A-CC866A280709}.Debug|Any CPU.Build.0 = Debug|Any CPU
		{94281AFF-2E34-4A2C-870A-CC866A280709}.Release|Any CPU.ActiveCfg = Release|Any CPU
		{94281AFF-2E34-4A2C-870A-CC866A280709}.Release|Any CPU.Build.0 = Release|Any CPU
	EndGlobalSection
	GlobalSection(SolutionProperties) = preSolution
		HideSolutionNode = FALSE
	EndGlobalSection
	GlobalSection(ExtensibilityGlobals) = postSolution
		SolutionGuid = {9B0F6C99-5424-4429-BADC-9C81960B0FA5}
	EndGlobalSection
EndGlobal
